
Microsoft Visual Studio Solution File, Format Version 12.00
# Visual Studio Version 16
VisualStudioVersion = 16.0.31025.194
MinimumVisualStudioVersion = 10.0.40219.1
Project("{9A19103F-16F7-4668-BE54-9A1E7A4F7556}") = "ConsoleUI", "ConsoleUI\ConsoleUI.csproj", "{0C3876E7-537E-4CE0-9F7B-3C134525CC52}"
EndProject
Project("{9A19103F-16F7-4668-BE54-9A1E7A4F7556}") = "Calculator_Core", "Calculator_Library\Calculator_Core.csproj", "{994D70F7-F93D-4783-9681-838081EB4F2E}"
EndProject
Project("{FAE04EC0-301F-11D3-BF4B-00C04F79EFBC}") = "XamarinUI.Android", "XamarinUI\XamarinUI.Android\XamarinUI.Android.csproj", "{6FBBFE92-C26F-4686-9B27-83C6A9E34BF1}"
EndProject
Project("{FAE04EC0-301F-11D3-BF4B-00C04F79EFBC}") = "XamarinUI.iOS", "XamarinUI\XamarinUI.iOS\XamarinUI.iOS.csproj", "{3CDF39C5-172D-44BA-8351-0030CB95E0F0}"
EndProject
Project("{9A19103F-16F7-4668-BE54-9A1E7A4F7556}") = "XamarinUI", "XamarinUI\XamarinUI\XamarinUI.csproj", "{87787DA7-C57A-4D7C-844C-D4F6760E1321}"
EndProject
Global
	GlobalSection(SolutionConfigurationPlatforms) = preSolution
		Debug|Any CPU = Debug|Any CPU
		Debug|iPhone = Debug|iPhone
		Debug|iPhoneSimulator = Debug|iPhoneSimulator
		Release|Any CPU = Release|Any CPU
		Release|iPhone = Release|iPhone
		Release|iPhoneSimulator = Release|iPhoneSimulator
	EndGlobalSection
	GlobalSection(ProjectConfigurationPlatforms) = postSolution
		{0C3876E7-537E-4CE0-9F7B-3C134525CC52}.Debug|Any CPU.ActiveCfg = Debug|Any CPU
		{0C3876E7-537E-4CE0-9F7B-3C134525CC52}.Debug|Any CPU.Build.0 = Debug|Any CPU
		{0C3876E7-537E-4CE0-9F7B-3C134525CC52}.Debug|iPhone.ActiveCfg = Debug|Any CPU
		{0C3876E7-537E-4CE0-9F7B-3C134525CC52}.Debug|iPhone.Build.0 = Debug|Any CPU
		{0C3876E7-537E-4CE0-9F7B-3C134525CC52}.Debug|iPhoneSimulator.ActiveCfg = Debug|Any CPU
		{0C3876E7-537E-4CE0-9F7B-3C134525CC52}.Debug|iPhoneSimulator.Build.0 = Debug|Any CPU
		{0C3876E7-537E-4CE0-9F7B-3C134525CC52}.Release|Any CPU.ActiveCfg = Release|Any CPU
		{0C3876E7-537E-4CE0-9F7B-3C134525CC52}.Release|Any CPU.Build.0 = Release|Any CPU
		{0C3876E7-537E-4CE0-9F7B-3C134525CC52}.Release|iPhone.ActiveCfg = Release|Any CPU
		{0C3876E7-537E-4CE0-9F7B-3C134525CC52}.Release|iPhone.Build.0 = Release|Any CPU
		{0C3876E7-537E-4CE0-9F7B-3C134525CC52}.Release|iPhoneSimulator.ActiveCfg = Release|Any CPU
		{0C3876E7-537E-4CE0-9F7B-3C134525CC52}.Release|iPhoneSimulator.Build.0 = Release|Any CPU
		{994D70F7-F93D-4783-9681-838081EB4F2E}.Debug|Any CPU.ActiveCfg = Debug|Any CPU
		{994D70F7-F93D-4783-9681-838081EB4F2E}.Debug|Any CPU.Build.0 = Debug|Any CPU
		{994D70F7-F93D-4783-9681-838081EB4F2E}.Debug|iPhone.ActiveCfg = Debug|Any CPU
		{994D70F7-F93D-4783-9681-838081EB4F2E}.Debug|iPhone.Build.0 = Debug|Any CPU
		{994D70F7-F93D-4783-9681-838081EB4F2E}.Debug|iPhoneSimulator.ActiveCfg = Debug|Any CPU
		{994D70F7-F93D-4783-9681-838081EB4F2E}.Debug|iPhoneSimulator.Build.0 = Debug|Any CPU
		{994D70F7-F93D-4783-9681-838081EB4F2E}.Release|Any CPU.ActiveCfg = Release|Any CPU
		{994D70F7-F93D-4783-9681-838081EB4F2E}.Release|Any CPU.Build.0 = Release|Any CPU
		{994D70F7-F93D-4783-9681-838081EB4F2E}.Release|iPhone.ActiveCfg = Release|Any CPU
		{994D70F7-F93D-4783-9681-838081EB4F2E}.Release|iPhone.Build.0 = Release|Any CPU
		{994D70F7-F93D-4783-9681-838081EB4F2E}.Release|iPhoneSimulator.ActiveCfg = Release|Any CPU
		{994D70F7-F93D-4783-9681-838081EB4F2E}.Release|iPhoneSimulator.Build.0 = Release|Any CPU
		{6FBBFE92-C26F-4686-9B27-83C6A9E34BF1}.Debug|Any CPU.ActiveCfg = Debug|Any CPU
		{6FBBFE92-C26F-4686-9B27-83C6A9E34BF1}.Debug|Any CPU.Build.0 = Debug|Any CPU
		{6FBBFE92-C26F-4686-9B27-83C6A9E34BF1}.Debug|Any CPU.Deploy.0 = Debug|Any CPU
		{6FBBFE92-C26F-4686-9B27-83C6A9E34BF1}.Debug|iPhone.ActiveCfg = Debug|Any CPU
		{6FBBFE92-C26F-4686-9B27-83C6A9E34BF1}.Debug|iPhone.Build.0 = Debug|Any CPU
		{6FBBFE92-C26F-4686-9B27-83C6A9E34BF1}.Debug|iPhone.Deploy.0 = Debug|Any CPU
		{6FBBFE92-C26F-4686-9B27-83C6A9E34BF1}.Debug|iPhoneSimulator.ActiveCfg = Debug|Any CPU
		{6FBBFE92-C26F-4686-9B27-83C6A9E34BF1}.Debug|iPhoneSimulator.Build.0 = Debug|Any CPU
		{6FBBFE92-C26F-4686-9B27-83C6A9E34BF1}.Debug|iPhoneSimulator.Deploy.0 = Debug|Any CPU
		{6FBBFE92-C26F-4686-9B27-83C6A9E34BF1}.Release|Any CPU.ActiveCfg = Release|Any CPU
		{6FBBFE92-C26F-4686-9B27-83C6A9E34BF1}.Release|Any CPU.Build.0 = Release|Any CPU
		{6FBBFE92-C26F-4686-9B27-83C6A9E34BF1}.Release|Any CPU.Deploy.0 = Release|Any CPU
		{6FBBFE92-C26F-4686-9B27-83C6A9E34BF1}.Release|iPhone.ActiveCfg = Release|Any CPU
		{6FBBFE92-C26F-4686-9B27-83C6A9E34BF1}.Release|iPhone.Build.0 = Release|Any CPU
		{6FBBFE92-C26F-4686-9B27-83C6A9E34BF1}.Release|iPhone.Deploy.0 = Release|Any CPU
		{6FBBFE92-C26F-4686-9B27-83C6A9E34BF1}.Release|iPhoneSimulator.ActiveCfg = Release|Any CPU
		{6FBBFE92-C26F-4686-9B27-83C6A9E34BF1}.Release|iPhoneSimulator.Build.0 = Release|Any CPU
		{6FBBFE92-C26F-4686-9B27-83C6A9E34BF1}.Release|iPhoneSimulator.Deploy.0 = Release|Any CPU
		{3CDF39C5-172D-44BA-8351-0030CB95E0F0}.Debug|Any CPU.ActiveCfg = Debug|iPhoneSimulator
		{3CDF39C5-172D-44BA-8351-0030CB95E0F0}.Debug|iPhone.ActiveCfg = Debug|iPhone
		{3CDF39C5-172D-44BA-8351-0030CB95E0F0}.Debug|iPhone.Build.0 = Debug|iPhone
		{3CDF39C5-172D-44BA-8351-0030CB95E0F0}.Debug|iPhoneSimulator.ActiveCfg = Debug|iPhoneSimulator
		{3CDF39C5-172D-44BA-8351-0030CB95E0F0}.Debug|iPhoneSimulator.Build.0 = Debug|iPhoneSimulator
		{3CDF39C5-172D-44BA-8351-0030CB95E0F0}.Release|Any CPU.ActiveCfg = Release|iPhoneSimulator
		{3CDF39C5-172D-44BA-8351-0030CB95E0F0}.Release|iPhone.ActiveCfg = Release|iPhone
		{3CDF39C5-172D-44BA-8351-0030CB95E0F0}.Release|iPhone.Build.0 = Release|iPhone
		{3CDF39C5-172D-44BA-8351-0030CB95E0F0}.Release|iPhoneSimulator.ActiveCfg = Release|iPhoneSimulator
		{3CDF39C5-172D-44BA-8351-0030CB95E0F0}.Release|iPhoneSimulator.Build.0 = Release|iPhoneSimulator
		{87787DA7-C57A-4D7C-844C-D4F6760E1321}.Debug|Any CPU.ActiveCfg = Debug|Any CPU
		{87787DA7-C57A-4D7C-844C-D4F6760E1321}.Debug|Any CPU.Build.0 = Debug|Any CPU
		{87787DA7-C57A-4D7C-844C-D4F6760E1321}.Debug|iPhone.ActiveCfg = Debug|Any CPU
		{87787DA7-C57A-4D7C-844C-D4F6760E1321}.Debug|iPhone.Build.0 = Debug|Any CPU
		{87787DA7-C57A-4D7C-844C-D4F6760E1321}.Debug|iPhoneSimulator.ActiveCfg = Debug|Any CPU
		{87787DA7-C57A-4D7C-844C-D4F6760E1321}.Debug|iPhoneSimulator.Build.0 = Debug|Any CPU
		{87787DA7-C57A-4D7C-844C-D4F6760E1321}.Release|Any CPU.ActiveCfg = Release|Any CPU
		{87787DA7-C57A-4D7C-844C-D4F6760E1321}.Release|Any CPU.Build.0 = Release|Any CPU
		{87787DA7-C57A-4D7C-844C-D4F6760E1321}.Release|iPhone.ActiveCfg = Release|Any CPU
		{87787DA7-C57A-4D7C-844C-D4F6760E1321}.Release|iPhone.Build.0 = Release|Any CPU
		{87787DA7-C57A-4D7C-844C-D4F6760E1321}.Release|iPhoneSimulator.ActiveCfg = Release|Any CPU
		{87787DA7-C57A-4D7C-844C-D4F6760E1321}.Release|iPhoneSimulator.Build.0 = Release|Any CPU
	EndGlobalSection
	GlobalSection(SolutionProperties) = preSolution
		HideSolutionNode = FALSE
	EndGlobalSection
	GlobalSection(ExtensibilityGlobals) = postSolution
		SolutionGuid = {04F50AA0-F144-45EB-9B1C-477BF9326972}
	EndGlobalSection
EndGlobal
