
Microsoft Visual Studio Solution File, Format Version 12.00
# Visual Studio Version 16
VisualStudioVersion = 16.0.31025.194
MinimumVisualStudioVersion = 10.0.40219.1
Project("{9A19103F-16F7-4668-BE54-9A1E7A4F7556}") = "Calculator", "Calculator.csproj", "{F22A270D-9957-46DF-B2B9-1E2AB0FD9D83}"
EndProject
Project("{FAE04EC0-301F-11D3-BF4B-00C04F79EFBC}") = "ConsoleUI", "..\ConsoleUI\ConsoleUI.csproj", "{7B1BF023-177D-4AAD-9CC5-F6927AFD9162}"
EndProject
Global
	GlobalSection(SolutionConfigurationPlatforms) = preSolution
		Debug|Any CPU = Debug|Any CPU
		Release|Any CPU = Release|Any CPU
	EndGlobalSection
	GlobalSection(ProjectConfigurationPlatforms) = postSolution
		{F22A270D-9957-46DF-B2B9-1E2AB0FD9D83}.Debug|Any CPU.ActiveCfg = Debug|Any CPU
		{F22A270D-9957-46DF-B2B9-1E2AB0FD9D83}.Debug|Any CPU.Build.0 = Debug|Any CPU
		{F22A270D-9957-46DF-B2B9-1E2AB0FD9D83}.Release|Any CPU.ActiveCfg = Release|Any CPU
		{F22A270D-9957-46DF-B2B9-1E2AB0FD9D83}.Release|Any CPU.Build.0 = Release|Any CPU
		{7B1BF023-177D-4AAD-9CC5-F6927AFD9162}.Debug|Any CPU.ActiveCfg = Debug|Any CPU
		{7B1BF023-177D-4AAD-9CC5-F6927AFD9162}.Debug|Any CPU.Build.0 = Debug|Any CPU
		{7B1BF023-177D-4AAD-9CC5-F6927AFD9162}.Release|Any CPU.ActiveCfg = Release|Any CPU
		{7B1BF023-177D-4AAD-9CC5-F6927AFD9162}.Release|Any CPU.Build.0 = Release|Any CPU
	EndGlobalSection
	GlobalSection(SolutionProperties) = preSolution
		HideSolutionNode = FALSE
	EndGlobalSection
	GlobalSection(ExtensibilityGlobals) = postSolution
		SolutionGuid = {04F50AA0-F144-45EB-9B1C-477BF9326972}
	EndGlobalSection
EndGlobal
